{
    "_readme": [
        "This file locks the dependencies of your project to a known state",
        "Read more about it at https://getcomposer.org/doc/01-basic-usage.md#installing-dependencies",
        "This file is @generated automatically"
    ],
    "content-hash": "5d9162811ee9428084a60ff8530402f6",
    "packages": [
        {
            "name": "douggonsouza/alerts",
            "version": "v1.0.6",
            "source": {
                "type": "git",
                "url": "https://github.com/douggonsouza/alerts.git",
                "reference": "7702732b2dd53e757c4167711648f38b87d558ca"
            },
            "dist": {
                "type": "zip",
                "url": "https://api.github.com/repos/douggonsouza/alerts/zipball/7702732b2dd53e757c4167711648f38b87d558ca",
                "reference": "7702732b2dd53e757c4167711648f38b87d558ca",
                "shasum": ""
            },
            "type": "library",
            "autoload": {
                "psr-4": {
                    "douggonsouza\\alerts\\": "src/"
                }
            },
            "notification-url": "https://packagist.org/downloads/",
            "license": [
                "MIT"
            ],
            "authors": [
                {
                    "name": "Douglas Gonçalves de Souza",
                    "email": "douggonsouza@gmail.com"
                }
            ],
            "description": "Módulo de alertas do framework Heartwood",
            "support": {
                "issues": "https://github.com/douggonsouza/alerts/issues",
                "source": "https://github.com/douggonsouza/alerts/tree/v1.0.6"
            },
            "time": "2022-08-17T11:46:09+00:00"
        },
        {
            "name": "douggonsouza/language",
            "version": "v1.0.5",
            "source": {
                "type": "git",
                "url": "https://github.com/douggonsouza/language.git",
                "reference": "a2a4e0e37bf7c342a7a480fda2b7609fdcbc8856"
            },
            "dist": {
                "type": "zip",
                "url": "https://api.github.com/repos/douggonsouza/language/zipball/a2a4e0e37bf7c342a7a480fda2b7609fdcbc8856",
                "reference": "a2a4e0e37bf7c342a7a480fda2b7609fdcbc8856",
                "shasum": ""
            },
            "type": "library",
            "autoload": {
                "psr-4": {
                    "douggonsouza\\language\\": "src/"
                }
            },
            "notification-url": "https://packagist.org/downloads/",
            "license": [
                "MIT"
            ],
            "authors": [
                {
                    "name": "Douglas Gonçalves de Souza",
                    "email": "douggonsouza@gmail.com"
                }
            ],
            "description": "Expõe o valor da etiqueta para uma linguagem",
            "support": {
                "issues": "https://github.com/douggonsouza/language/issues",
                "source": "https://github.com/douggonsouza/language/tree/v1.0.5"
            },
            "time": "2023-02-21T23:10:12+00:00"
        },
        {
            "name": "douggonsouza/permission",
            "version": "v1.0.4",
            "source": {
                "type": "git",
                "url": "https://github.com/douggonsouza/permission.git",
                "reference": "c1a1237213662dcf9bbd73f5972438218640a524"
            },
            "dist": {
                "type": "zip",
                "url": "https://api.github.com/repos/douggonsouza/permission/zipball/c1a1237213662dcf9bbd73f5972438218640a524",
                "reference": "c1a1237213662dcf9bbd73f5972438218640a524",
                "shasum": ""
            },
            "type": "library",
            "autoload": {
                "psr-4": {
                    "douggonsouza\\permission\\": "src/"
                }
            },
            "notification-url": "https://packagist.org/downloads/",
            "license": [
                "MIT"
            ],
            "authors": [
                {
                    "name": "Dougla G. de Souza",
                    "email": "douggonsouza@gmail.com"
                }
            ],
            "description": "Coleção de permissões para papeis de usuários",
            "support": {
                "issues": "https://github.com/douggonsouza/permission/issues",
                "source": "https://github.com/douggonsouza/permission/tree/v1.0.4"
            },
            "time": "2023-03-10T11:27:21+00:00"
        },
        {
            "name": "douggonsouza/propertys",
            "version": "v1.0.5",
            "source": {
                "type": "git",
                "url": "https://github.com/douggonsouza/propertys.git",
                "reference": "c3199eea7030e6b867e58e87b438c669f25256a3"
            },
            "dist": {
                "type": "zip",
                "url": "https://api.github.com/repos/douggonsouza/propertys/zipball/c3199eea7030e6b867e58e87b438c669f25256a3",
                "reference": "c3199eea7030e6b867e58e87b438c669f25256a3",
                "shasum": ""
            },
            "type": "library",
            "autoload": {
                "psr-4": {
                    "douggonsouza\\propertys\\": "src/"
                }
            },
            "notification-url": "https://packagist.org/downloads/",
            "license": [
                "MIT"
            ],
            "authors": [
                {
                    "name": "Douglas Gonçalves de Souza",
                    "email": "douggonsouza@gmail.com"
                }
            ],
            "description": "Armazenagem das propriedades",
            "support": {
                "issues": "https://github.com/douggonsouza/propertys/issues",
                "source": "https://github.com/douggonsouza/propertys/tree/v1.0.5"
            },
            "time": "2023-03-18T16:53:12+00:00"
        }
    ],
    "packages-dev": [],
    "aliases": [],
    "minimum-stability": "dev",
    "stability-flags": [],
    "prefer-stable": false,
    "prefer-lowest": false,
    "platform": [],
    "platform-dev": [],
    "plugin-api-version": "2.3.0"
}
