{
    "_readme": [
        "This file locks the dependencies of your project to a known state",
        "Read more about it at https://getcomposer.org/doc/01-basic-usage.md#installing-dependencies",
        "This file is @generated automatically"
    ],
    "content-hash": "a5b6d61360516fe9434637a40b86d191",
    "packages": [
        {
            "name": "douggonsouza/permission",
            "version": "v1.0.4",
            "source": {
                "type": "git",
                "url": "https://github.com/douggonsouza/permission.git",
                "reference": "c1a1237213662dcf9bbd73f5972438218640a524"
            },
            "dist": {
                "type": "zip",
                "url": "https://api.github.com/repos/douggonsouza/permission/zipball/c1a1237213662dcf9bbd73f5972438218640a524",
                "reference": "c1a1237213662dcf9bbd73f5972438218640a524",
                "shasum": ""
            },
            "type": "library",
            "autoload": {
                "psr-4": {
                    "douggonsouza\\permission\\": "src/"
                }
            },
            "notification-url": "https://packagist.org/downloads/",
            "license": [
                "MIT"
            ],
            "authors": [
                {
                    "name": "Dougla G. de Souza",
                    "email": "douggonsouza@gmail.com"
                }
            ],
            "description": "Coleção de permissões para papeis de usuários",
            "support": {
                "issues": "https://github.com/douggonsouza/permission/issues",
                "source": "https://github.com/douggonsouza/permission/tree/v1.0.4"
            },
            "time": "2023-03-10T11:27:21+00:00"
        },
        {
            "name": "douggonsouza/propertys",
            "version": "v1.0.5",
            "source": {
                "type": "git",
                "url": "https://github.com/douggonsouza/propertys.git",
                "reference": "c3199eea7030e6b867e58e87b438c669f25256a3"
            },
            "dist": {
                "type": "zip",
                "url": "https://api.github.com/repos/douggonsouza/propertys/zipball/c3199eea7030e6b867e58e87b438c669f25256a3",
                "reference": "c3199eea7030e6b867e58e87b438c669f25256a3",
                "shasum": ""
            },
            "type": "library",
            "autoload": {
                "psr-4": {
                    "douggonsouza\\propertys\\": "src/"
                }
            },
            "notification-url": "https://packagist.org/downloads/",
            "license": [
                "MIT"
            ],
            "authors": [
                {
                    "name": "Douglas Gonçalves de Souza",
                    "email": "douggonsouza@gmail.com"
                }
            ],
            "description": "Armazenagem das propriedades",
            "support": {
                "issues": "https://github.com/douggonsouza/propertys/issues",
                "source": "https://github.com/douggonsouza/propertys/tree/v1.0.5"
            },
            "time": "2023-03-18T16:53:12+00:00"
        }
    ],
    "packages-dev": [],
    "aliases": [],
    "minimum-stability": "dev",
    "stability-flags": [],
    "prefer-stable": false,
    "prefer-lowest": false,
    "platform": [],
    "platform-dev": [],
    "plugin-api-version": "2.3.0"
}
