{
    "_readme": [
        "This file locks the dependencies of your project to a known state",
        "Read more about it at https://getcomposer.org/doc/01-basic-usage.md#installing-dependencies",
        "This file is @generated automatically"
    ],
    "content-hash": "e34a24017cae66b9cd5feebd632723cf",
    "packages": [
        {
            "name": "douggonsouza/language",
            "version": "v1.0.5",
            "source": {
                "type": "git",
                "url": "https://github.com/douggonsouza/language.git",
                "reference": "a2a4e0e37bf7c342a7a480fda2b7609fdcbc8856"
            },
            "dist": {
                "type": "zip",
                "url": "https://api.github.com/repos/douggonsouza/language/zipball/a2a4e0e37bf7c342a7a480fda2b7609fdcbc8856",
                "reference": "a2a4e0e37bf7c342a7a480fda2b7609fdcbc8856",
                "shasum": ""
            },
            "type": "library",
            "autoload": {
                "psr-4": {
                    "douggonsouza\\language\\": "src/"
                }
            },
            "notification-url": "https://packagist.org/downloads/",
            "license": [
                "MIT"
            ],
            "authors": [
                {
                    "name": "Douglas Gonçalves de Souza",
                    "email": "douggonsouza@gmail.com"
                }
            ],
            "description": "Expõe o valor da etiqueta para uma linguagem",
            "support": {
                "issues": "https://github.com/douggonsouza/language/issues",
                "source": "https://github.com/douggonsouza/language/tree/v1.0.5"
            },
            "time": "2023-02-21T23:10:12+00:00"
        },
        {
            "name": "douggonsouza/permission",
            "version": "v1.0.5",
            "source": {
                "type": "git",
                "url": "https://github.com/douggonsouza/permission.git",
                "reference": "9d9b4911734f53d9e7a617b78135e6e52a1de3a4"
            },
            "dist": {
                "type": "zip",
                "url": "https://api.github.com/repos/douggonsouza/permission/zipball/9d9b4911734f53d9e7a617b78135e6e52a1de3a4",
                "reference": "9d9b4911734f53d9e7a617b78135e6e52a1de3a4",
                "shasum": ""
            },
            "type": "library",
            "autoload": {
                "psr-4": {
                    "douggonsouza\\permission\\": "src/"
                }
            },
            "notification-url": "https://packagist.org/downloads/",
            "license": [
                "MIT"
            ],
            "authors": [
                {
                    "name": "Dougla G. de Souza",
                    "email": "douggonsouza@gmail.com"
                }
            ],
            "description": "Coleção de permissões para papeis de usuários",
            "support": {
                "issues": "https://github.com/douggonsouza/permission/issues",
                "source": "https://github.com/douggonsouza/permission/tree/v1.0.5"
            },
            "time": "2023-03-30T11:59:43+00:00"
        },
        {
            "name": "douggonsouza/propertys",
            "version": "v1.0.5",
            "source": {
                "type": "git",
                "url": "https://github.com/douggonsouza/propertys.git",
                "reference": "c3199eea7030e6b867e58e87b438c669f25256a3"
            },
            "dist": {
                "type": "zip",
                "url": "https://api.github.com/repos/douggonsouza/propertys/zipball/c3199eea7030e6b867e58e87b438c669f25256a3",
                "reference": "c3199eea7030e6b867e58e87b438c669f25256a3",
                "shasum": ""
            },
            "type": "library",
            "autoload": {
                "psr-4": {
                    "douggonsouza\\propertys\\": "src/"
                }
            },
            "notification-url": "https://packagist.org/downloads/",
            "license": [
                "MIT"
            ],
            "authors": [
                {
                    "name": "Douglas Gonçalves de Souza",
                    "email": "douggonsouza@gmail.com"
                }
            ],
            "description": "Armazenagem das propriedades",
            "support": {
                "issues": "https://github.com/douggonsouza/propertys/issues",
                "source": "https://github.com/douggonsouza/propertys/tree/v1.0.5"
            },
            "time": "2023-03-18T16:53:12+00:00"
        }
    ],
    "packages-dev": [],
    "aliases": [],
    "minimum-stability": "dev",
    "stability-flags": [],
    "prefer-stable": false,
    "prefer-lowest": false,
    "platform": [],
    "platform-dev": [],
    "plugin-api-version": "2.3.0"
}
